// !$*UTF8*$!
{
	archiveVersion = 1;
	classes = {
	};
	objectVersion = 46;
	objects = {

/* Begin PBXBuildFile section */
		8B00B8011C1EFCEB00A9678D /* Interceptor.swift in Sources */ = {isa = PBXBuildFile; fileRef = 8B00B8001C1EFCEB00A9678D /* Interceptor.swift */; };
		8B00B8051C1F25E800A9678D /* OahuEvaluator.swift in Sources */ = {isa = PBXBuildFile; fileRef = 8B00B8041C1F25E800A9678D /* OahuEvaluator.swift */; };
		8B00B8071C1F261800A9678D /* EvaluatorTests.swift in Sources */ = {isa = PBXBuildFile; fileRef = 8B00B8061C1F261800A9678D /* EvaluatorTests.swift */; };
		8B11C3931C7CE4D000707F4F /* AlertJSDelegate.swift in Sources */ = {isa = PBXBuildFile; fileRef = 8B11C3921C7CE4CF00707F4F /* AlertJSDelegate.swift */; };
		8B2F35E71C233E4200C5BBE2 /* ScriptMessageHandler.swift in Sources */ = {isa = PBXBuildFile; fileRef = 8B2F35E61C233E4200C5BBE2 /* ScriptMessageHandler.swift */; };
		8B2F35E91C285A5000C5BBE2 /* CookieHandler.swift in Sources */ = {isa = PBXBuildFile; fileRef = 8B2F35E81C285A5000C5BBE2 /* CookieHandler.swift */; };
		8B4CB3641C2072F5005D95A7 /* OahuDelegate.swift in Sources */ = {isa = PBXBuildFile; fileRef = 8B4CB3631C2072F5005D95A7 /* OahuDelegate.swift */; };
		8B4CB3661C207332005D95A7 /* ExtOahu.swift in Sources */ = {isa = PBXBuildFile; fileRef = 8B4CB3651C207332005D95A7 /* ExtOahu.swift */; };
		8B817FC01CB81BF700EF6688 /* HTTPMethod.swift in Sources */ = {isa = PBXBuildFile; fileRef = 8B817FBF1CB81BF700EF6688 /* HTTPMethod.swift */; };
		8B8A7EC01C18BEB2003466D6 /* Oahu.h in Headers */ = {isa = PBXBuildFile; fileRef = 8B8A7EBF1C18BEB2003466D6 /* Oahu.h */; settings = {ATTRIBUTES = (Public, ); }; };
		8B8A7EC71C18BEB2003466D6 /* Oahu.framework in Frameworks */ = {isa = PBXBuildFile; fileRef = 8B8A7EBC1C18BEB2003466D6 /* Oahu.framework */; };
		8B8A7EDB1C18BFDC003466D6 /* Configuration.swift in Sources */ = {isa = PBXBuildFile; fileRef = 8B8A7ED61C18BFDC003466D6 /* Configuration.swift */; };
		8B8A7EDC1C18BFDC003466D6 /* ExtArray.swift in Sources */ = {isa = PBXBuildFile; fileRef = 8B8A7ED71C18BFDC003466D6 /* ExtArray.swift */; };
		8B8A7EDD1C18BFDC003466D6 /* ExtNSHTTPCookie.swift in Sources */ = {isa = PBXBuildFile; fileRef = 8B8A7ED81C18BFDC003466D6 /* ExtNSHTTPCookie.swift */; };
		8B8A7EDE1C18BFDC003466D6 /* Oahu.swift in Sources */ = {isa = PBXBuildFile; fileRef = 8B8A7ED91C18BFDC003466D6 /* Oahu.swift */; };
		8BAA8BAB1C1F2A5400AE0755 /* InterceptorTests.swift in Sources */ = {isa = PBXBuildFile; fileRef = 8BAA8BAA1C1F2A5400AE0755 /* InterceptorTests.swift */; };
		8BF0B3ED1C2865D5002C348E /* JavaScriptHandler.swift in Sources */ = {isa = PBXBuildFile; fileRef = 8BF0B3EC1C2865D5002C348E /* JavaScriptHandler.swift */; };
/* End PBXBuildFile section */

/* Begin PBXContainerItemProxy section */
		8B8A7EC81C18BEB2003466D6 /* PBXContainerItemProxy */ = {
			isa = PBXContainerItemProxy;
			containerPortal = 8B8A7EB31C18BEB2003466D6 /* Project object */;
			proxyType = 1;
			remoteGlobalIDString = 8B8A7EBB1C18BEB2003466D6;
			remoteInfo = Oahu;
		};
/* End PBXContainerItemProxy section */

/* Begin PBXFileReference section */
		8B00B8001C1EFCEB00A9678D /* Interceptor.swift */ = {isa = PBXFileReference; fileEncoding = 4; lastKnownFileType = sourcecode.swift; path = Interceptor.swift; sourceTree = "<group>"; };
		8B00B8041C1F25E800A9678D /* OahuEvaluator.swift */ = {isa = PBXFileReference; fileEncoding = 4; lastKnownFileType = sourcecode.swift; path = OahuEvaluator.swift; sourceTree = "<group>"; };
		8B00B8061C1F261800A9678D /* EvaluatorTests.swift */ = {isa = PBXFileReference; fileEncoding = 4; lastKnownFileType = sourcecode.swift; path = EvaluatorTests.swift; sourceTree = "<group>"; };
		8B11C3921C7CE4CF00707F4F /* AlertJSDelegate.swift */ = {isa = PBXFileReference; fileEncoding = 4; lastKnownFileType = sourcecode.swift; path = AlertJSDelegate.swift; sourceTree = "<group>"; };
		8B2F35E61C233E4200C5BBE2 /* ScriptMessageHandler.swift */ = {isa = PBXFileReference; fileEncoding = 4; lastKnownFileType = sourcecode.swift; path = ScriptMessageHandler.swift; sourceTree = "<group>"; };
		8B2F35E81C285A5000C5BBE2 /* CookieHandler.swift */ = {isa = PBXFileReference; fileEncoding = 4; lastKnownFileType = sourcecode.swift; path = CookieHandler.swift; sourceTree = "<group>"; };
		8B4CB3631C2072F5005D95A7 /* OahuDelegate.swift */ = {isa = PBXFileReference; fileEncoding = 4; lastKnownFileType = sourcecode.swift; path = OahuDelegate.swift; sourceTree = "<group>"; };
		8B4CB3651C207332005D95A7 /* ExtOahu.swift */ = {isa = PBXFileReference; fileEncoding = 4; lastKnownFileType = sourcecode.swift; path = ExtOahu.swift; sourceTree = "<group>"; };
		8B817FBF1CB81BF700EF6688 /* HTTPMethod.swift */ = {isa = PBXFileReference; fileEncoding = 4; lastKnownFileType = sourcecode.swift; path = HTTPMethod.swift; sourceTree = "<group>"; };
		8B8A7EBC1C18BEB2003466D6 /* Oahu.framework */ = {isa = PBXFileReference; explicitFileType = wrapper.framework; includeInIndex = 0; path = Oahu.framework; sourceTree = BUILT_PRODUCTS_DIR; };
		8B8A7EBF1C18BEB2003466D6 /* Oahu.h */ = {isa = PBXFileReference; lastKnownFileType = sourcecode.c.h; path = Oahu.h; sourceTree = "<group>"; };
		8B8A7EC11C18BEB2003466D6 /* Info.plist */ = {isa = PBXFileReference; lastKnownFileType = text.plist.xml; path = Info.plist; sourceTree = "<group>"; };
		8B8A7EC61C18BEB2003466D6 /* OahuTests.xctest */ = {isa = PBXFileReference; explicitFileType = wrapper.cfbundle; includeInIndex = 0; path = OahuTests.xctest; sourceTree = BUILT_PRODUCTS_DIR; };
		8B8A7ECD1C18BEB2003466D6 /* Info.plist */ = {isa = PBXFileReference; lastKnownFileType = text.plist.xml; path = Info.plist; sourceTree = "<group>"; };
		8B8A7ED61C18BFDC003466D6 /* Configuration.swift */ = {isa = PBXFileReference; fileEncoding = 4; lastKnownFileType = sourcecode.swift; path = Configuration.swift; sourceTree = "<group>"; };
		8B8A7ED71C18BFDC003466D6 /* ExtArray.swift */ = {isa = PBXFileReference; fileEncoding = 4; lastKnownFileType = sourcecode.swift; path = ExtArray.swift; sourceTree = "<group>"; };
		8B8A7ED81C18BFDC003466D6 /* ExtNSHTTPCookie.swift */ = {isa = PBXFileReference; fileEncoding = 4; lastKnownFileType = sourcecode.swift; path = ExtNSHTTPCookie.swift; sourceTree = "<group>"; };
		8B8A7ED91C18BFDC003466D6 /* Oahu.swift */ = {isa = PBXFileReference; fileEncoding = 4; lastKnownFileType = sourcecode.swift; path = Oahu.swift; sourceTree = "<group>"; };
		8BAA8BAA1C1F2A5400AE0755 /* InterceptorTests.swift */ = {isa = PBXFileReference; fileEncoding = 4; lastKnownFileType = sourcecode.swift; path = InterceptorTests.swift; sourceTree = "<group>"; };
		8BF0B3EC1C2865D5002C348E /* JavaScriptHandler.swift */ = {isa = PBXFileReference; fileEncoding = 4; lastKnownFileType = sourcecode.swift; path = JavaScriptHandler.swift; sourceTree = "<group>"; };
/* End PBXFileReference section */

/* Begin PBXFrameworksBuildPhase section */
		8B8A7EB81C18BEB2003466D6 /* Frameworks */ = {
			isa = PBXFrameworksBuildPhase;
			buildActionMask = 2147483647;
			files = (
			);
			runOnlyForDeploymentPostprocessing = 0;
		};
		8B8A7EC31C18BEB2003466D6 /* Frameworks */ = {
			isa = PBXFrameworksBuildPhase;
			buildActionMask = 2147483647;
			files = (
				8B8A7EC71C18BEB2003466D6 /* Oahu.framework in Frameworks */,
			);
			runOnlyForDeploymentPostprocessing = 0;
		};
/* End PBXFrameworksBuildPhase section */

/* Begin PBXGroup section */
		8B8A7EB21C18BEB2003466D6 = {
			isa = PBXGroup;
			children = (
				8B8A7EBE1C18BEB2003466D6 /* Oahu */,
				8B8A7ECA1C18BEB2003466D6 /* OahuTests */,
				8B8A7EBD1C18BEB2003466D6 /* Products */,
			);
			sourceTree = "<group>";
		};
		8B8A7EBD1C18BEB2003466D6 /* Products */ = {
			isa = PBXGroup;
			children = (
				8B8A7EBC1C18BEB2003466D6 /* Oahu.framework */,
				8B8A7EC61C18BEB2003466D6 /* OahuTests.xctest */,
			);
			name = Products;
			sourceTree = "<group>";
		};
		8B8A7EBE1C18BEB2003466D6 /* Oahu */ = {
			isa = PBXGroup;
			children = (
				8B8A7EBF1C18BEB2003466D6 /* Oahu.h */,
				8B8A7EC11C18BEB2003466D6 /* Info.plist */,
				8B8A7ED61C18BFDC003466D6 /* Configuration.swift */,
				8B2F35E81C285A5000C5BBE2 /* CookieHandler.swift */,
				8BF0B3EC1C2865D5002C348E /* JavaScriptHandler.swift */,
				8B00B8001C1EFCEB00A9678D /* Interceptor.swift */,
				8B2F35E61C233E4200C5BBE2 /* ScriptMessageHandler.swift */,
				8B8A7ED91C18BFDC003466D6 /* Oahu.swift */,
				8B4CB3631C2072F5005D95A7 /* OahuDelegate.swift */,
				8B00B8041C1F25E800A9678D /* OahuEvaluator.swift */,
				8B8A7EE01C18BFE2003466D6 /* Extensions */,
				8B11C3921C7CE4CF00707F4F /* AlertJSDelegate.swift */,
				8B817FBF1CB81BF700EF6688 /* HTTPMethod.swift */,
			);
			path = Oahu;
			sourceTree = "<group>";
		};
		8B8A7ECA1C18BEB2003466D6 /* OahuTests */ = {
			isa = PBXGroup;
			children = (
				8B8A7ECD1C18BEB2003466D6 /* Info.plist */,
				8B00B8061C1F261800A9678D /* EvaluatorTests.swift */,
				8BAA8BAA1C1F2A5400AE0755 /* InterceptorTests.swift */,
			);
			path = OahuTests;
			sourceTree = "<group>";
		};
		8B8A7EE01C18BFE2003466D6 /* Extensions */ = {
			isa = PBXGroup;
			children = (
				8B8A7ED71C18BFDC003466D6 /* ExtArray.swift */,
				8B8A7ED81C18BFDC003466D6 /* ExtNSHTTPCookie.swift */,
				8B4CB3651C207332005D95A7 /* ExtOahu.swift */,
			);
			name = Extensions;
			sourceTree = "<group>";
		};
/* End PBXGroup section */

/* Begin PBXHeadersBuildPhase section */
		8B8A7EB91C18BEB2003466D6 /* Headers */ = {
			isa = PBXHeadersBuildPhase;
			buildActionMask = 2147483647;
			files = (
				8B8A7EC01C18BEB2003466D6 /* Oahu.h in Headers */,
			);
			runOnlyForDeploymentPostprocessing = 0;
		};
/* End PBXHeadersBuildPhase section */

/* Begin PBXNativeTarget section */
		8B8A7EBB1C18BEB2003466D6 /* Oahu */ = {
			isa = PBXNativeTarget;
			buildConfigurationList = 8B8A7ED01C18BEB2003466D6 /* Build configuration list for PBXNativeTarget "Oahu" */;
			buildPhases = (
				8B8A7EB71C18BEB2003466D6 /* Sources */,
				8B8A7EB81C18BEB2003466D6 /* Frameworks */,
				8B8A7EB91C18BEB2003466D6 /* Headers */,
				8B8A7EBA1C18BEB2003466D6 /* Resources */,
			);
			buildRules = (
			);
			dependencies = (
			);
			name = Oahu;
			productName = Oahu;
			productReference = 8B8A7EBC1C18BEB2003466D6 /* Oahu.framework */;
			productType = "com.apple.product-type.framework";
		};
		8B8A7EC51C18BEB2003466D6 /* OahuTests */ = {
			isa = PBXNativeTarget;
			buildConfigurationList = 8B8A7ED31C18BEB2003466D6 /* Build configuration list for PBXNativeTarget "OahuTests" */;
			buildPhases = (
				8B8A7EC21C18BEB2003466D6 /* Sources */,
				8B8A7EC31C18BEB2003466D6 /* Frameworks */,
				8B8A7EC41C18BEB2003466D6 /* Resources */,
			);
			buildRules = (
			);
			dependencies = (
				8B8A7EC91C18BEB2003466D6 /* PBXTargetDependency */,
			);
			name = OahuTests;
			productName = OahuTests;
			productReference = 8B8A7EC61C18BEB2003466D6 /* OahuTests.xctest */;
			productType = "com.apple.product-type.bundle.unit-test";
		};
/* End PBXNativeTarget section */

/* Begin PBXProject section */
		8B8A7EB31C18BEB2003466D6 /* Project object */ = {
			isa = PBXProject;
			attributes = {
				LastSwiftUpdateCheck = 0710;
				LastUpgradeCheck = 1020;
				ORGANIZATIONNAME = Developer;
				TargetAttributes = {
					8B8A7EBB1C18BEB2003466D6 = {
						CreatedOnToolsVersion = 7.1;
						LastSwiftMigration = 0800;
					};
					8B8A7EC51C18BEB2003466D6 = {
						CreatedOnToolsVersion = 7.1;
						LastSwiftMigration = 0800;
					};
				};
			};
			buildConfigurationList = 8B8A7EB61C18BEB2003466D6 /* Build configuration list for PBXProject "Oahu" */;
			compatibilityVersion = "Xcode 3.2";
			developmentRegion = en;
			hasScannedForEncodings = 0;
			knownRegions = (
				en,
				Base,
			);
			mainGroup = 8B8A7EB21C18BEB2003466D6;
			productRefGroup = 8B8A7EBD1C18BEB2003466D6 /* Products */;
			projectDirPath = "";
			projectRoot = "";
			targets = (
				8B8A7EBB1C18BEB2003466D6 /* Oahu */,
				8B8A7EC51C18BEB2003466D6 /* OahuTests */,
			);
		};
/* End PBXProject section */

/* Begin PBXResourcesBuildPhase section */
		8B8A7EBA1C18BEB2003466D6 /* Resources */ = {
			isa = PBXResourcesBuildPhase;
			buildActionMask = 2147483647;
			files = (
			);
			runOnlyForDeploymentPostprocessing = 0;
		};
		8B8A7EC41C18BEB2003466D6 /* Resources */ = {
			isa = PBXResourcesBuildPhase;
			buildActionMask = 2147483647;
			files = (
			);
			runOnlyForDeploymentPostprocessing = 0;
		};
/* End PBXResourcesBuildPhase section */

/* Begin PBXSourcesBuildPhase section */
		8B8A7EB71C18BEB2003466D6 /* Sources */ = {
			isa = PBXSourcesBuildPhase;
			buildActionMask = 2147483647;
			files = (
				8B2F35E71C233E4200C5BBE2 /* ScriptMessageHandler.swift in Sources */,
				8BF0B3ED1C2865D5002C348E /* JavaScriptHandler.swift in Sources */,
				8B00B8011C1EFCEB00A9678D /* Interceptor.swift in Sources */,
				8B8A7EDB1C18BFDC003466D6 /* Configuration.swift in Sources */,
				8B8A7EDD1C18BFDC003466D6 /* ExtNSHTTPCookie.swift in Sources */,
				8B8A7EDE1C18BFDC003466D6 /* Oahu.swift in Sources */,
				8B4CB3661C207332005D95A7 /* ExtOahu.swift in Sources */,
				8B4CB3641C2072F5005D95A7 /* OahuDelegate.swift in Sources */,
				8B11C3931C7CE4D000707F4F /* AlertJSDelegate.swift in Sources */,
				8B8A7EDC1C18BFDC003466D6 /* ExtArray.swift in Sources */,
				8B817FC01CB81BF700EF6688 /* HTTPMethod.swift in Sources */,
				8B2F35E91C285A5000C5BBE2 /* CookieHandler.swift in Sources */,
				8B00B8051C1F25E800A9678D /* OahuEvaluator.swift in Sources */,
			);
			runOnlyForDeploymentPostprocessing = 0;
		};
		8B8A7EC21C18BEB2003466D6 /* Sources */ = {
			isa = PBXSourcesBuildPhase;
			buildActionMask = 2147483647;
			files = (
				8B00B8071C1F261800A9678D /* EvaluatorTests.swift in Sources */,
				8BAA8BAB1C1F2A5400AE0755 /* InterceptorTests.swift in Sources */,
			);
			runOnlyForDeploymentPostprocessing = 0;
		};
/* End PBXSourcesBuildPhase section */

/* Begin PBXTargetDependency section */
		8B8A7EC91C18BEB2003466D6 /* PBXTargetDependency */ = {
			isa = PBXTargetDependency;
			target = 8B8A7EBB1C18BEB2003466D6 /* Oahu */;
			targetProxy = 8B8A7EC81C18BEB2003466D6 /* PBXContainerItemProxy */;
		};
/* End PBXTargetDependency section */

/* Begin XCBuildConfiguration section */
		8B8A7ECE1C18BEB2003466D6 /* Debug */ = {
			isa = XCBuildConfiguration;
			buildSettings = {
				ALWAYS_SEARCH_USER_PATHS = NO;
				CLANG_CXX_LANGUAGE_STANDARD = "gnu++0x";
				CLANG_CXX_LIBRARY = "libc++";
				CLANG_ENABLE_MODULES = YES;
				CLANG_ENABLE_OBJC_ARC = YES;
				CLANG_WARN_BLOCK_CAPTURE_AUTORELEASING = YES;
				CLANG_WARN_BOOL_CONVERSION = YES;
				CLANG_WARN_COMMA = YES;
				CLANG_WARN_CONSTANT_CONVERSION = YES;
				CLANG_WARN_DEPRECATED_OBJC_IMPLEMENTATIONS = YES;
				CLANG_WARN_DIRECT_OBJC_ISA_USAGE = YES_ERROR;
				CLANG_WARN_EMPTY_BODY = YES;
				CLANG_WARN_ENUM_CONVERSION = YES;
				CLANG_WARN_INFINITE_RECURSION = YES;
				CLANG_WARN_INT_CONVERSION = YES;
				CLANG_WARN_NON_LITERAL_NULL_CONVERSION = YES;
				CLANG_WARN_OBJC_IMPLICIT_RETAIN_SELF = YES;
				CLANG_WARN_OBJC_LITERAL_CONVERSION = YES;
				CLANG_WARN_OBJC_ROOT_CLASS = YES_ERROR;
				CLANG_WARN_RANGE_LOOP_ANALYSIS = YES;
				CLANG_WARN_STRICT_PROTOTYPES = YES;
				CLANG_WARN_SUSPICIOUS_MOVE = YES;
				CLANG_WARN_UNREACHABLE_CODE = YES;
				CLANG_WARN__DUPLICATE_METHOD_MATCH = YES;
				"CODE_SIGN_IDENTITY[sdk=iphoneos*]" = "iPhone Developer";
				COPY_PHASE_STRIP = NO;
				CURRENT_PROJECT_VERSION = 1;
				DEBUG_INFORMATION_FORMAT = dwarf;
				ENABLE_STRICT_OBJC_MSGSEND = YES;
				ENABLE_TESTABILITY = YES;
				GCC_C_LANGUAGE_STANDARD = gnu99;
				GCC_DYNAMIC_NO_PIC = NO;
				GCC_NO_COMMON_BLOCKS = YES;
				GCC_OPTIMIZATION_LEVEL = 0;
				GCC_PREPROCESSOR_DEFINITIONS = (
					"DEBUG=1",
					"$(inherited)",
				);
				GCC_WARN_64_TO_32_BIT_CONVERSION = YES;
				GCC_WARN_ABOUT_RETURN_TYPE = YES_ERROR;
				GCC_WARN_UNDECLARED_SELECTOR = YES;
				GCC_WARN_UNINITIALIZED_AUTOS = YES_AGGRESSIVE;
				GCC_WARN_UNUSED_FUNCTION = YES;
				GCC_WARN_UNUSED_VARIABLE = YES;
				IPHONEOS_DEPLOYMENT_TARGET = 11.0;
				MTL_ENABLE_DEBUG_INFO = YES;
				ONLY_ACTIVE_ARCH = YES;
				SDKROOT = iphoneos;
				SWIFT_OPTIMIZATION_LEVEL = "-Onone";
				TARGETED_DEVICE_FAMILY = "1,2";
				VERSIONING_SYSTEM = "apple-generic";
				VERSION_INFO_PREFIX = "";
			};
			name = Debug;
		};
		8B8A7ECF1C18BEB2003466D6 /* Release */ = {
			isa = XCBuildConfiguration;
			buildSettings = {
				ALWAYS_SEARCH_USER_PATHS = NO;
				CLANG_CXX_LANGUAGE_STANDARD = "gnu++0x";
				CLANG_CXX_LIBRARY = "libc++";
				CLANG_ENABLE_MODULES = YES;
				CLANG_ENABLE_OBJC_ARC = YES;
				CLANG_WARN_BLOCK_CAPTURE_AUTORELEASING = YES;
				CLANG_WARN_BOOL_CONVERSION = YES;
				CLANG_WARN_COMMA = YES;
				CLANG_WARN_CONSTANT_CONVERSION = YES;
				CLANG_WARN_DEPRECATED_OBJC_IMPLEMENTATIONS = YES;
				CLANG_WARN_DIRECT_OBJC_ISA_USAGE = YES_ERROR;
				CLANG_WARN_EMPTY_BODY = YES;
				CLANG_WARN_ENUM_CONVERSION = YES;
				CLANG_WARN_INFINITE_RECURSION = YES;
				CLANG_WARN_INT_CONVERSION = YES;
				CLANG_WARN_NON_LITERAL_NULL_CONVERSION = YES;
				CLANG_WARN_OBJC_IMPLICIT_RETAIN_SELF = YES;
				CLANG_WARN_OBJC_LITERAL_CONVERSION = YES;
				CLANG_WARN_OBJC_ROOT_CLASS = YES_ERROR;
				CLANG_WARN_RANGE_LOOP_ANALYSIS = YES;
				CLANG_WARN_STRICT_PROTOTYPES = YES;
				CLANG_WARN_SUSPICIOUS_MOVE = YES;
				CLANG_WARN_UNREACHABLE_CODE = YES;
				CLANG_WARN__DUPLICATE_METHOD_MATCH = YES;
				"CODE_SIGN_IDENTITY[sdk=iphoneos*]" = "iPhone Developer";
				COPY_PHASE_STRIP = NO;
				CURRENT_PROJECT_VERSION = 1;
				DEBUG_INFORMATION_FORMAT = "dwarf-with-dsym";
				ENABLE_NS_ASSERTIONS = NO;
				ENABLE_STRICT_OBJC_MSGSEND = YES;
				GCC_C_LANGUAGE_STANDARD = gnu99;
				GCC_NO_COMMON_BLOCKS = YES;
				GCC_WARN_64_TO_32_BIT_CONVERSION = YES;
				GCC_WARN_ABOUT_RETURN_TYPE = YES_ERROR;
				GCC_WARN_UNDECLARED_SELECTOR = YES;
				GCC_WARN_UNINITIALIZED_AUTOS = YES_AGGRESSIVE;
				GCC_WARN_UNUSED_FUNCTION = YES;
				GCC_WARN_UNUSED_VARIABLE = YES;
				IPHONEOS_DEPLOYMENT_TARGET = 11.0;
				MTL_ENABLE_DEBUG_INFO = NO;
				SDKROOT = iphoneos;
				SWIFT_OPTIMIZATION_LEVEL = "-Owholemodule";
				TARGETED_DEVICE_FAMILY = "1,2";
				VALIDATE_PRODUCT = YES;
				VERSIONING_SYSTEM = "apple-generic";
				VERSION_INFO_PREFIX = "";
			};
			name = Release;
		};
		8B8A7ED11C18BEB2003466D6 /* Debug */ = {
			isa = XCBuildConfiguration;
			buildSettings = {
				BUILD_LIBRARY_FOR_DISTRIBUTION = YES;
				CLANG_ENABLE_MODULES = YES;
				"CODE_SIGN_IDENTITY[sdk=iphoneos*]" = "";
				CURRENT_PROJECT_VERSION = 0;
				DEFINES_MODULE = YES;
				DYLIB_COMPATIBILITY_VERSION = 1;
				DYLIB_CURRENT_VERSION = 1;
				DYLIB_INSTALL_NAME_BASE = "@rpath";
				INFOPLIST_FILE = Oahu/Info.plist;
				INSTALL_PATH = "$(LOCAL_LIBRARY_DIR)/Frameworks";
				IPHONEOS_DEPLOYMENT_TARGET = 11.0;
				LD_RUNPATH_SEARCH_PATHS = "$(inherited) @executable_path/Frameworks @loader_path/Frameworks";
				MARKETING_VERSION = 0.10.1;
				PRODUCT_BUNDLE_IDENTIFIER = Elo7.Oahu;
				PRODUCT_NAME = "$(TARGET_NAME)";
				SKIP_INSTALL = YES;
				SWIFT_OPTIMIZATION_LEVEL = "-Onone";
				SWIFT_VERSION = 5.0;
			};
			name = Debug;
		};
		8B8A7ED21C18BEB2003466D6 /* Release */ = {
			isa = XCBuildConfiguration;
			buildSettings = {
				BUILD_LIBRARY_FOR_DISTRIBUTION = YES;
				CLANG_ENABLE_MODULES = YES;
				"CODE_SIGN_IDENTITY[sdk=iphoneos*]" = "";
				CURRENT_PROJECT_VERSION = 0;
				DEFINES_MODULE = YES;
				DYLIB_COMPATIBILITY_VERSION = 1;
				DYLIB_CURRENT_VERSION = 1;
				DYLIB_INSTALL_NAME_BASE = "@rpath";
				INFOPLIST_FILE = Oahu/Info.plist;
				INSTALL_PATH = "$(LOCAL_LIBRARY_DIR)/Frameworks";
				IPHONEOS_DEPLOYMENT_TARGET = 11.0;
				LD_RUNPATH_SEARCH_PATHS = "$(inherited) @executable_path/Frameworks @loader_path/Frameworks";
				MARKETING_VERSION = 0.10.1;
				PRODUCT_BUNDLE_IDENTIFIER = Elo7.Oahu;
				PRODUCT_NAME = "$(TARGET_NAME)";
				SKIP_INSTALL = YES;
				SWIFT_VERSION = 5.0;
			};
			name = Release;
		};
		8B8A7ED41C18BEB2003466D6 /* Debug */ = {
			isa = XCBuildConfiguration;
			buildSettings = {
				INFOPLIST_FILE = OahuTests/Info.plist;
				LD_RUNPATH_SEARCH_PATHS = "$(inherited) @executable_path/Frameworks @loader_path/Frameworks";
				PRODUCT_BUNDLE_IDENTIFIER = Elo7.OahuTests;
				PRODUCT_NAME = "$(TARGET_NAME)";
				SWIFT_VERSION = 5.0;
			};
			name = Debug;
		};
		8B8A7ED51C18BEB2003466D6 /* Release */ = {
			isa = XCBuildConfiguration;
			buildSettings = {
				INFOPLIST_FILE = OahuTests/Info.plist;
				LD_RUNPATH_SEARCH_PATHS = "$(inherited) @executable_path/Frameworks @loader_path/Frameworks";
				PRODUCT_BUNDLE_IDENTIFIER = Elo7.OahuTests;
				PRODUCT_NAME = "$(TARGET_NAME)";
				SWIFT_VERSION = 5.0;
			};
			name = Release;
		};
/* End XCBuildConfiguration section */

/* Begin XCConfigurationList section */
		8B8A7EB61C18BEB2003466D6 /* Build configuration list for PBXProject "Oahu" */ = {
			isa = XCConfigurationList;
			buildConfigurations = (
				8B8A7ECE1C18BEB2003466D6 /* Debug */,
				8B8A7ECF1C18BEB2003466D6 /* Release */,
			);
			defaultConfigurationIsVisible = 0;
			defaultConfigurationName = Release;
		};
		8B8A7ED01C18BEB2003466D6 /* Build configuration list for PBXNativeTarget "Oahu" */ = {
			isa = XCConfigurationList;
			buildConfigurations = (
				8B8A7ED11C18BEB2003466D6 /* Debug */,
				8B8A7ED21C18BEB2003466D6 /* Release */,
			);
			defaultConfigurationIsVisible = 0;
			defaultConfigurationName = Release;
		};
		8B8A7ED31C18BEB2003466D6 /* Build configuration list for PBXNativeTarget "OahuTests" */ = {
			isa = XCConfigurationList;
			buildConfigurations = (
				8B8A7ED41C18BEB2003466D6 /* Debug */,
				8B8A7ED51C18BEB2003466D6 /* Release */,
			);
			defaultConfigurationIsVisible = 0;
			defaultConfigurationName = Release;
		};
/* End XCConfigurationList section */
	};
	rootObject = 8B8A7EB31C18BEB2003466D6 /* Project object */;
}
